{
  "name": "lambda",
  "lockfileVersion": 2,
  "requires": true,
  "packages": {
    "": {
      "dependencies": {
        "aws-cloudformation-custom-resource": "5.0.0"
      }
    },
    "node_modules/aws-cloudformation-custom-resource": {
      "version": "5.0.0",
      "resolved": "https://registry.npmjs.org/aws-cloudformation-custom-resource/-/aws-cloudformation-custom-resource-5.0.0.tgz",
      "integrity": "sha512-ekTL9j/Pb5T7S6RVnlWDiDoBH0uT4OBMJ2d1AMATX2ULvXz6hhr3OL2aRLZB1kf8ekrNghJtOYcmiMmlZ7s8Ow=="
    }
  },
  "dependencies": {
    "aws-cloudformation-custom-resource": {
      "version": "5.0.0",
      "resolved": "https://registry.npmjs.org/aws-cloudformation-custom-resource/-/aws-cloudformation-custom-resource-5.0.0.tgz",
      "integrity": "sha512-ekTL9j/Pb5T7S6RVnlWDiDoBH0uT4OBMJ2d1AMATX2ULvXz6hhr3OL2aRLZB1kf8ekrNghJtOYcmiMmlZ7s8Ow=="
    }
  }
}
